
Microsoft Visual Studio Solution File, Format Version 12.00
Project("{FAE04EC0-301F-11D3-BF4B-00C04F79EFBC}") = "Odyssey.HRMS.Domain", "Odyssey.HRMS.Domain\Odyssey.HRMS.Domain.csproj", "{B5855096-F4C5-4BA8-A78C-F1C6293984AA}"
EndProject
Project("{FAE04EC0-301F-11D3-BF4B-00C04F79EFBC}") = "Odyssey.HRMS.Domain.Tests", "Odyssey.HRMS.Domain.Tests\Odyssey.HRMS.Domain.Tests.csproj", "{7FB7F612-5E40-4524-8AE7-A434C4380223}"
EndProject
Project("{FAE04EC0-301F-11D3-BF4B-00C04F79EFBC}") = "Odyssey.HRMS.SingleUserApp", "Odyssey.HRMS.SingleUserApp\Odyssey.HRMS.SingleUserApp.csproj", "{39379716-E250-4C49-AB68-4B202795FB56}"
EndProject
Project("{FAE04EC0-301F-11D3-BF4B-00C04F79EFBC}") = "Odyssey.HRMS.Benchmark.Tests", "Odyssey.HRMS.Benchmark.Tests\Odyssey.HRMS.Benchmark.Tests.csproj", "{438E93D5-6C43-434E-8C3B-C40413EE7DA7}"
EndProject
Project("{FAE04EC0-301F-11D3-BF4B-00C04F79EFBC}") = "Odyssey.HRMS.MonoApp", "Odyssey.HRMS.MonoApp\Odyssey.HRMS.MonoApp.csproj", "{3092B79C-C288-4E8B-B894-90C6DA5A2CEB}"
EndProject
Project("{FAE04EC0-301F-11D3-BF4B-00C04F79EFBC}") = "Odyssey.HRMS.Dal.SQLite", "Odyssey.HRMS.Dal.SQLite\Odyssey.HRMS.Dal.SQLite.csproj", "{8B42944C-CD0B-4D7F-8113-BE911E3C5F75}"
EndProject
Project("{FAE04EC0-301F-11D3-BF4B-00C04F79EFBC}") = "Odyssey.HRMS.EventLogLite", "Odyssey.HRMS.EventLogLite\Odyssey.HRMS.EventLogLite.csproj", "{8F40A45E-FC60-425C-B5ED-8649877AD1E4}"
EndProject
Global
	GlobalSection(SolutionConfigurationPlatforms) = preSolution
		Debug|Any CPU = Debug|Any CPU
		Release|Any CPU = Release|Any CPU
	EndGlobalSection
	GlobalSection(ProjectConfigurationPlatforms) = postSolution
		{B5855096-F4C5-4BA8-A78C-F1C6293984AA}.Debug|Any CPU.ActiveCfg = Debug|Any CPU
		{B5855096-F4C5-4BA8-A78C-F1C6293984AA}.Debug|Any CPU.Build.0 = Debug|Any CPU
		{B5855096-F4C5-4BA8-A78C-F1C6293984AA}.Release|Any CPU.ActiveCfg = Release|Any CPU
		{B5855096-F4C5-4BA8-A78C-F1C6293984AA}.Release|Any CPU.Build.0 = Release|Any CPU
		{7FB7F612-5E40-4524-8AE7-A434C4380223}.Debug|Any CPU.ActiveCfg = Debug|Any CPU
		{7FB7F612-5E40-4524-8AE7-A434C4380223}.Debug|Any CPU.Build.0 = Debug|Any CPU
		{7FB7F612-5E40-4524-8AE7-A434C4380223}.Release|Any CPU.ActiveCfg = Release|Any CPU
		{7FB7F612-5E40-4524-8AE7-A434C4380223}.Release|Any CPU.Build.0 = Release|Any CPU
		{39379716-E250-4C49-AB68-4B202795FB56}.Debug|Any CPU.ActiveCfg = Debug|Any CPU
		{39379716-E250-4C49-AB68-4B202795FB56}.Debug|Any CPU.Build.0 = Debug|Any CPU
		{39379716-E250-4C49-AB68-4B202795FB56}.Release|Any CPU.ActiveCfg = Release|Any CPU
		{39379716-E250-4C49-AB68-4B202795FB56}.Release|Any CPU.Build.0 = Release|Any CPU
		{438E93D5-6C43-434E-8C3B-C40413EE7DA7}.Debug|Any CPU.ActiveCfg = Debug|Any CPU
		{438E93D5-6C43-434E-8C3B-C40413EE7DA7}.Debug|Any CPU.Build.0 = Debug|Any CPU
		{438E93D5-6C43-434E-8C3B-C40413EE7DA7}.Release|Any CPU.ActiveCfg = Release|Any CPU
		{438E93D5-6C43-434E-8C3B-C40413EE7DA7}.Release|Any CPU.Build.0 = Release|Any CPU
		{3092B79C-C288-4E8B-B894-90C6DA5A2CEB}.Debug|Any CPU.ActiveCfg = Debug|Any CPU
		{3092B79C-C288-4E8B-B894-90C6DA5A2CEB}.Debug|Any CPU.Build.0 = Debug|Any CPU
		{3092B79C-C288-4E8B-B894-90C6DA5A2CEB}.Release|Any CPU.ActiveCfg = Release|Any CPU
		{3092B79C-C288-4E8B-B894-90C6DA5A2CEB}.Release|Any CPU.Build.0 = Release|Any CPU
		{8B42944C-CD0B-4D7F-8113-BE911E3C5F75}.Debug|Any CPU.ActiveCfg = Debug|Any CPU
		{8B42944C-CD0B-4D7F-8113-BE911E3C5F75}.Debug|Any CPU.Build.0 = Debug|Any CPU
		{8B42944C-CD0B-4D7F-8113-BE911E3C5F75}.Release|Any CPU.ActiveCfg = Release|Any CPU
		{8B42944C-CD0B-4D7F-8113-BE911E3C5F75}.Release|Any CPU.Build.0 = Release|Any CPU
		{8F40A45E-FC60-425C-B5ED-8649877AD1E4}.Debug|Any CPU.ActiveCfg = Debug|Any CPU
		{8F40A45E-FC60-425C-B5ED-8649877AD1E4}.Debug|Any CPU.Build.0 = Debug|Any CPU
		{8F40A45E-FC60-425C-B5ED-8649877AD1E4}.Release|Any CPU.ActiveCfg = Release|Any CPU
		{8F40A45E-FC60-425C-B5ED-8649877AD1E4}.Release|Any CPU.Build.0 = Release|Any CPU
	EndGlobalSection
EndGlobal
