
Microsoft Visual Studio Solution File, Format Version 12.00
Project("{FAE04EC0-301F-11D3-BF4B-00C04F79EFBC}") = "Calendar", "Calendar\Calendar.csproj", "{B5855096-F4C5-4BA8-A78C-F1C6293984AA}"
EndProject
Project("{FAE04EC0-301F-11D3-BF4B-00C04F79EFBC}") = "Calendar.Tests", "Calendar.Tests\Calendar.Tests.csproj", "{7FB7F612-5E40-4524-8AE7-A434C4380223}"
EndProject
Global
	GlobalSection(SolutionConfigurationPlatforms) = preSolution
		Debug|Any CPU = Debug|Any CPU
		Release|Any CPU = Release|Any CPU
	EndGlobalSection
	GlobalSection(ProjectConfigurationPlatforms) = postSolution
		{B5855096-F4C5-4BA8-A78C-F1C6293984AA}.Debug|Any CPU.ActiveCfg = Debug|Any CPU
		{B5855096-F4C5-4BA8-A78C-F1C6293984AA}.Debug|Any CPU.Build.0 = Debug|Any CPU
		{B5855096-F4C5-4BA8-A78C-F1C6293984AA}.Release|Any CPU.ActiveCfg = Release|Any CPU
		{B5855096-F4C5-4BA8-A78C-F1C6293984AA}.Release|Any CPU.Build.0 = Release|Any CPU
		{7FB7F612-5E40-4524-8AE7-A434C4380223}.Debug|Any CPU.ActiveCfg = Debug|Any CPU
		{7FB7F612-5E40-4524-8AE7-A434C4380223}.Debug|Any CPU.Build.0 = Debug|Any CPU
		{7FB7F612-5E40-4524-8AE7-A434C4380223}.Release|Any CPU.ActiveCfg = Release|Any CPU
		{7FB7F612-5E40-4524-8AE7-A434C4380223}.Release|Any CPU.Build.0 = Release|Any CPU
	EndGlobalSection
EndGlobal
